// !$*UTF8*$!
{
	archiveVersion = 1;
	classes = {
	};
	objectVersion = 46;
	objects = {

/* Begin PBXBuildFile section */
		419209B91E128A2600C96297 /* AppDelegate.swift in Sources */ = {isa = PBXBuildFile; fileRef = 419209B81E128A2600C96297 /* AppDelegate.swift */; };
		419209BB1E128A2600C96297 /* ViewController.swift in Sources */ = {isa = PBXBuildFile; fileRef = 419209BA1E128A2600C96297 /* ViewController.swift */; };
		419209C01E128A2600C96297 /* Assets.xcassets in Resources */ = {isa = PBXBuildFile; fileRef = 419209BF1E128A2600C96297 /* Assets.xcassets */; };
		419209C31E128A2600C96297 /* LaunchScreen.storyboard in Resources */ = {isa = PBXBuildFile; fileRef = 419209C11E128A2600C96297 /* LaunchScreen.storyboard */; };
		419209D01E12B52600C96297 /* Memo.swift in Sources */ = {isa = PBXBuildFile; fileRef = 419209CF1E12B52600C96297 /* Memo.swift */; };
/* End PBXBuildFile section */

/* Begin PBXFileReference section */
		419209B51E128A2600C96297 /* VoiceMemo.app */ = {isa = PBXFileReference; explicitFileType = wrapper.application; includeInIndex = 0; path = VoiceMemo.app; sourceTree = BUILT_PRODUCTS_DIR; };
		419209B81E128A2600C96297 /* AppDelegate.swift */ = {isa = PBXFileReference; lastKnownFileType = sourcecode.swift; path = AppDelegate.swift; sourceTree = "<group>"; };
		419209BA1E128A2600C96297 /* ViewController.swift */ = {isa = PBXFileReference; lastKnownFileType = sourcecode.swift; path = ViewController.swift; sourceTree = "<group>"; };
		419209BF1E128A2600C96297 /* Assets.xcassets */ = {isa = PBXFileReference; lastKnownFileType = folder.assetcatalog; path = Assets.xcassets; sourceTree = "<group>"; };
		419209C21E128A2600C96297 /* Base */ = {isa = PBXFileReference; lastKnownFileType = file.storyboard; name = Base; path = Base.lproj/LaunchScreen.storyboard; sourceTree = "<group>"; };
		419209C41E128A2600C96297 /* Info.plist */ = {isa = PBXFileReference; lastKnownFileType = text.plist.xml; path = Info.plist; sourceTree = "<group>"; };
		419209CF1E12B52600C96297 /* Memo.swift */ = {isa = PBXFileReference; fileEncoding = 4; lastKnownFileType = sourcecode.swift; path = Memo.swift; sourceTree = "<group>"; };
/* End PBXFileReference section */

/* Begin PBXFrameworksBuildPhase section */
		419209B21E128A2600C96297 /* Frameworks */ = {
			isa = PBXFrameworksBuildPhase;
			buildActionMask = 2147483647;
			files = (
			);
			runOnlyForDeploymentPostprocessing = 0;
		};
/* End PBXFrameworksBuildPhase section */

/* Begin PBXGroup section */
		419209AC1E128A2600C96297 = {
			isa = PBXGroup;
			children = (
				419209B71E128A2600C96297 /* VoiceMemo */,
				419209B61E128A2600C96297 /* Products */,
			);
			sourceTree = "<group>";
		};
		419209B61E128A2600C96297 /* Products */ = {
			isa = PBXGroup;
			children = (
				419209B51E128A2600C96297 /* VoiceMemo.app */,
			);
			name = Products;
			sourceTree = "<group>";
		};
		419209B71E128A2600C96297 /* VoiceMemo */ = {
			isa = PBXGroup;
			children = (
				419209CD1E128D5200C96297 /* Model */,
				419209CC1E128D4800C96297 /* View */,
				419209CB1E128D3200C96297 /* Controller */,
				419209CE1E128DF000C96297 /* Resources */,
				419209CA1E128A3700C96297 /* Supporting Files */,
				419209C11E128A2600C96297 /* LaunchScreen.storyboard */,
			);
			path = VoiceMemo;
			sourceTree = "<group>";
		};
		419209CA1E128A3700C96297 /* Supporting Files */ = {
			isa = PBXGroup;
			children = (
				419209C41E128A2600C96297 /* Info.plist */,
				419209B81E128A2600C96297 /* AppDelegate.swift */,
			);
			name = "Supporting Files";
			sourceTree = "<group>";
		};
		419209CB1E128D3200C96297 /* Controller */ = {
			isa = PBXGroup;
			children = (
				419209BA1E128A2600C96297 /* ViewController.swift */,
			);
			name = Controller;
			sourceTree = "<group>";
		};
		419209CC1E128D4800C96297 /* View */ = {
			isa = PBXGroup;
			children = (
			);
			name = View;
			sourceTree = "<group>";
		};
		419209CD1E128D5200C96297 /* Model */ = {
			isa = PBXGroup;
			children = (
				419209CF1E12B52600C96297 /* Memo.swift */,
			);
			name = Model;
			sourceTree = "<group>";
		};
		419209CE1E128DF000C96297 /* Resources */ = {
			isa = PBXGroup;
			children = (
				419209BF1E128A2600C96297 /* Assets.xcassets */,
			);
			name = Resources;
			sourceTree = "<group>";
		};
/* End PBXGroup section */

/* Begin PBXNativeTarget section */
		419209B41E128A2600C96297 /* VoiceMemo */ = {
			isa = PBXNativeTarget;
			buildConfigurationList = 419209C71E128A2600C96297 /* Build configuration list for PBXNativeTarget "VoiceMemo" */;
			buildPhases = (
				419209B11E128A2600C96297 /* Sources */,
				419209B21E128A2600C96297 /* Frameworks */,
				419209B31E128A2600C96297 /* Resources */,
			);
			buildRules = (
			);
			dependencies = (
			);
			name = VoiceMemo;
			productName = VoiceMemo;
			productReference = 419209B51E128A2600C96297 /* VoiceMemo.app */;
			productType = "com.apple.product-type.application";
		};
/* End PBXNativeTarget section */

/* Begin PBXProject section */
		419209AD1E128A2600C96297 /* Project object */ = {
			isa = PBXProject;
			attributes = {
				LastSwiftUpdateCheck = 0820;
				LastUpgradeCheck = 0820;
				ORGANIZATIONNAME = "Muhammad Moaz";
				TargetAttributes = {
					419209B41E128A2600C96297 = {
						CreatedOnToolsVersion = 8.2;
						DevelopmentTeam = 69CH9UTLK7;
						ProvisioningStyle = Automatic;
					};
				};
			};
			buildConfigurationList = 419209B01E128A2600C96297 /* Build configuration list for PBXProject "VoiceMemo" */;
			compatibilityVersion = "Xcode 3.2";
			developmentRegion = English;
			hasScannedForEncodings = 0;
			knownRegions = (
				en,
				Base,
			);
			mainGroup = 419209AC1E128A2600C96297;
			productRefGroup = 419209B61E128A2600C96297 /* Products */;
			projectDirPath = "";
			projectRoot = "";
			targets = (
				419209B41E128A2600C96297 /* VoiceMemo */,
			);
		};
/* End PBXProject section */

/* Begin PBXResourcesBuildPhase section */
		419209B31E128A2600C96297 /* Resources */ = {
			isa = PBXResourcesBuildPhase;
			buildActionMask = 2147483647;
			files = (
				419209C31E128A2600C96297 /* LaunchScreen.storyboard in Resources */,
				419209C01E128A2600C96297 /* Assets.xcassets in Resources */,
			);
			runOnlyForDeploymentPostprocessing = 0;
		};
/* End PBXResourcesBuildPhase section */

/* Begin PBXSourcesBuildPhase section */
		419209B11E128A2600C96297 /* Sources */ = {
			isa = PBXSourcesBuildPhase;
			buildActionMask = 2147483647;
			files = (
				419209D01E12B52600C96297 /* Memo.swift in Sources */,
				419209BB1E128A2600C96297 /* ViewController.swift in Sources */,
				419209B91E128A2600C96297 /* AppDelegate.swift in Sources */,
			);
			runOnlyForDeploymentPostprocessing = 0;
		};
/* End PBXSourcesBuildPhase section */

/* Begin PBXVariantGroup section */
		419209C11E128A2600C96297 /* LaunchScreen.storyboard */ = {
			isa = PBXVariantGroup;
			children = (
				419209C21E128A2600C96297 /* Base */,
			);
			name = LaunchScreen.storyboard;
			sourceTree = "<group>";
		};
/* End PBXVariantGroup section */

/* Begin XCBuildConfiguration section */
		419209C51E128A2600C96297 /* Debug */ = {
			isa = XCBuildConfiguration;
			buildSettings = {
				ALWAYS_SEARCH_USER_PATHS = NO;
				CLANG_ANALYZER_NONNULL = YES;
				CLANG_CXX_LANGUAGE_STANDARD = "gnu++0x";
				CLANG_CXX_LIBRARY = "libc++";
				CLANG_ENABLE_MODULES = YES;
				CLANG_ENABLE_OBJC_ARC = YES;
				CLANG_WARN_BOOL_CONVERSION = YES;
				CLANG_WARN_CONSTANT_CONVERSION = YES;
				CLANG_WARN_DIRECT_OBJC_ISA_USAGE = YES_ERROR;
				CLANG_WARN_DOCUMENTATION_COMMENTS = YES;
				CLANG_WARN_EMPTY_BODY = YES;
				CLANG_WARN_ENUM_CONVERSION = YES;
				CLANG_WARN_INFINITE_RECURSION = YES;
				CLANG_WARN_INT_CONVERSION = YES;
				CLANG_WARN_OBJC_ROOT_CLASS = YES_ERROR;
				CLANG_WARN_SUSPICIOUS_MOVE = YES;
				CLANG_WARN_UNREACHABLE_CODE = YES;
				CLANG_WARN__DUPLICATE_METHOD_MATCH = YES;
				"CODE_SIGN_IDENTITY[sdk=iphoneos*]" = "iPhone Developer";
				COPY_PHASE_STRIP = NO;
				DEBUG_INFORMATION_FORMAT = dwarf;
				ENABLE_STRICT_OBJC_MSGSEND = YES;
				ENABLE_TESTABILITY = YES;
				GCC_C_LANGUAGE_STANDARD = gnu99;
				GCC_DYNAMIC_NO_PIC = NO;
				GCC_NO_COMMON_BLOCKS = YES;
				GCC_OPTIMIZATION_LEVEL = 0;
				GCC_PREPROCESSOR_DEFINITIONS = (
					"DEBUG=1",
					"$(inherited)",
				);
				GCC_WARN_64_TO_32_BIT_CONVERSION = YES;
				GCC_WARN_ABOUT_RETURN_TYPE = YES_ERROR;
				GCC_WARN_UNDECLARED_SELECTOR = YES;
				GCC_WARN_UNINITIALIZED_AUTOS = YES_AGGRESSIVE;
				GCC_WARN_UNUSED_FUNCTION = YES;
				GCC_WARN_UNUSED_VARIABLE = YES;
				IPHONEOS_DEPLOYMENT_TARGET = 10.2;
				MTL_ENABLE_DEBUG_INFO = YES;
				ONLY_ACTIVE_ARCH = YES;
				SDKROOT = iphoneos;
				SWIFT_ACTIVE_COMPILATION_CONDITIONS = DEBUG;
				SWIFT_OPTIMIZATION_LEVEL = "-Onone";
			};
			name = Debug;
		};
		419209C61E128A2600C96297 /* Release */ = {
			isa = XCBuildConfiguration;
			buildSettings = {
				ALWAYS_SEARCH_USER_PATHS = NO;
				CLANG_ANALYZER_NONNULL = YES;
				CLANG_CXX_LANGUAGE_STANDARD = "gnu++0x";
				CLANG_CXX_LIBRARY = "libc++";
				CLANG_ENABLE_MODULES = YES;
				CLANG_ENABLE_OBJC_ARC = YES;
				CLANG_WARN_BOOL_CONVERSION = YES;
				CLANG_WARN_CONSTANT_CONVERSION = YES;
				CLANG_WARN_DIRECT_OBJC_ISA_USAGE = YES_ERROR;
				CLANG_WARN_DOCUMENTATION_COMMENTS = YES;
				CLANG_WARN_EMPTY_BODY = YES;
				CLANG_WARN_ENUM_CONVERSION = YES;
				CLANG_WARN_INFINITE_RECURSION = YES;
				CLANG_WARN_INT_CONVERSION = YES;
				CLANG_WARN_OBJC_ROOT_CLASS = YES_ERROR;
				CLANG_WARN_SUSPICIOUS_MOVE = YES;
				CLANG_WARN_UNREACHABLE_CODE = YES;
				CLANG_WARN__DUPLICATE_METHOD_MATCH = YES;
				"CODE_SIGN_IDENTITY[sdk=iphoneos*]" = "iPhone Developer";
				COPY_PHASE_STRIP = NO;
				DEBUG_INFORMATION_FORMAT = "dwarf-with-dsym";
				ENABLE_NS_ASSERTIONS = NO;
				ENABLE_STRICT_OBJC_MSGSEND = YES;
				GCC_C_LANGUAGE_STANDARD = gnu99;
				GCC_NO_COMMON_BLOCKS = YES;
				GCC_WARN_64_TO_32_BIT_CONVERSION = YES;
				GCC_WARN_ABOUT_RETURN_TYPE = YES_ERROR;
				GCC_WARN_UNDECLARED_SELECTOR = YES;
				GCC_WARN_UNINITIALIZED_AUTOS = YES_AGGRESSIVE;
				GCC_WARN_UNUSED_FUNCTION = YES;
				GCC_WARN_UNUSED_VARIABLE = YES;
				IPHONEOS_DEPLOYMENT_TARGET = 10.2;
				MTL_ENABLE_DEBUG_INFO = NO;
				SDKROOT = iphoneos;
				SWIFT_OPTIMIZATION_LEVEL = "-Owholemodule";
				VALIDATE_PRODUCT = YES;
			};
			name = Release;
		};
		419209C81E128A2600C96297 /* Debug */ = {
			isa = XCBuildConfiguration;
			buildSettings = {
				ASSETCATALOG_COMPILER_APPICON_NAME = AppIcon;
				DEVELOPMENT_TEAM = 69CH9UTLK7;
				INFOPLIST_FILE = VoiceMemo/Info.plist;
				LD_RUNPATH_SEARCH_PATHS = "$(inherited) @executable_path/Frameworks";
				PRODUCT_BUNDLE_IDENTIFIER = Moaz.VoiceMemo;
				PRODUCT_NAME = "$(TARGET_NAME)";
				SWIFT_VERSION = 3.0;
			};
			name = Debug;
		};
		419209C91E128A2600C96297 /* Release */ = {
			isa = XCBuildConfiguration;
			buildSettings = {
				ASSETCATALOG_COMPILER_APPICON_NAME = AppIcon;
				DEVELOPMENT_TEAM = 69CH9UTLK7;
				INFOPLIST_FILE = VoiceMemo/Info.plist;
				LD_RUNPATH_SEARCH_PATHS = "$(inherited) @executable_path/Frameworks";
				PRODUCT_BUNDLE_IDENTIFIER = Moaz.VoiceMemo;
				PRODUCT_NAME = "$(TARGET_NAME)";
				SWIFT_VERSION = 3.0;
			};
			name = Release;
		};
/* End XCBuildConfiguration section */

/* Begin XCConfigurationList section */
		419209B01E128A2600C96297 /* Build configuration list for PBXProject "VoiceMemo" */ = {
			isa = XCConfigurationList;
			buildConfigurations = (
				419209C51E128A2600C96297 /* Debug */,
				419209C61E128A2600C96297 /* Release */,
			);
			defaultConfigurationIsVisible = 0;
			defaultConfigurationName = Release;
		};
		419209C71E128A2600C96297 /* Build configuration list for PBXNativeTarget "VoiceMemo" */ = {
			isa = XCConfigurationList;
			buildConfigurations = (
				419209C81E128A2600C96297 /* Debug */,
				419209C91E128A2600C96297 /* Release */,
			);
			defaultConfigurationIsVisible = 0;
		};
/* End XCConfigurationList section */
	};
	rootObject = 419209AD1E128A2600C96297 /* Project object */;
}
